// !$*UTF8*$!
{
	archiveVersion = 1;
	classes = {
	};
	objectVersion = 48;
	objects = {

/* Begin PBXBuildFile section */
		52CF228130D782BD87D357E8 /* libPods-SampleUITests.a in Frameworks */ = {isa = PBXBuildFile; fileRef = A861C93E5E7687B5EE85BA72 /* libPods-SampleUITests.a */; };
		A015FACF430CB11A13ED385F /* libPods-Sample.a in Frameworks */ = {isa = PBXBuildFile; fileRef = 4F197F6C2846D6FF2E7B22D0 /* libPods-Sample.a */; };
		BDB3E095A8D44E707C2E7634 /* libPods-SampleTests.a in Frameworks */ = {isa = PBXBuildFile; fileRef = A8EF81C04B24DE5B2DCFDEA8 /* libPods-SampleTests.a */; };
		E985B9F720007FFD0089166A /* AppDelegate.m in Sources */ = {isa = PBXBuildFile; fileRef = E985B9F620007FFD0089166A /* AppDelegate.m */; };
		E985B9FA20007FFD0089166A /* ViewController.m in Sources */ = {isa = PBXBuildFile; fileRef = E985B9F920007FFD0089166A /* ViewController.m */; };
		E985B9FD20007FFD0089166A /* Main.storyboard in Resources */ = {isa = PBXBuildFile; fileRef = E985B9FB20007FFD0089166A /* Main.storyboard */; };
		E985B9FF20007FFD0089166A /* Assets.xcassets in Resources */ = {isa = PBXBuildFile; fileRef = E985B9FE20007FFD0089166A /* Assets.xcassets */; };
		E985BA0220007FFD0089166A /* LaunchScreen.storyboard in Resources */ = {isa = PBXBuildFile; fileRef = E985BA0020007FFD0089166A /* LaunchScreen.storyboard */; };
		E985BA0520007FFD0089166A /* main.m in Sources */ = {isa = PBXBuildFile; fileRef = E985BA0420007FFD0089166A /* main.m */; };
		E985BA0F20007FFE0089166A /* SampleTests.m in Sources */ = {isa = PBXBuildFile; fileRef = E985BA0E20007FFE0089166A /* SampleTests.m */; };
		E985BA1A20007FFE0089166A /* SampleUITests.m in Sources */ = {isa = PBXBuildFile; fileRef = E985BA1920007FFE0089166A /* SampleUITests.m */; };
		E985BA29200080310089166A /* Webservice.m in Sources */ = {isa = PBXBuildFile; fileRef = E985BA28200080310089166A /* Webservice.m */; };
/* End PBXBuildFile section */

/* Begin PBXContainerItemProxy section */
		E985BA0B20007FFE0089166A /* PBXContainerItemProxy */ = {
			isa = PBXContainerItemProxy;
			containerPortal = E985B9EA20007FFD0089166A /* Project object */;
			proxyType = 1;
			remoteGlobalIDString = E985B9F120007FFD0089166A;
			remoteInfo = Sample;
		};
		E985BA1620007FFE0089166A /* PBXContainerItemProxy */ = {
			isa = PBXContainerItemProxy;
			containerPortal = E985B9EA20007FFD0089166A /* Project object */;
			proxyType = 1;
			remoteGlobalIDString = E985B9F120007FFD0089166A;
			remoteInfo = Sample;
		};
/* End PBXContainerItemProxy section */

/* Begin PBXFileReference section */
		1E4CEB084BF2FFC321337B5F /* Pods-SampleUITests.release.xcconfig */ = {isa = PBXFileReference; includeInIndex = 1; lastKnownFileType = text.xcconfig; name = "Pods-SampleUITests.release.xcconfig"; path = "Pods/Target Support Files/Pods-SampleUITests/Pods-SampleUITests.release.xcconfig"; sourceTree = "<group>"; };
		265A59F4CF80331CB1B181A3 /* Pods-Sample.debug.xcconfig */ = {isa = PBXFileReference; includeInIndex = 1; lastKnownFileType = text.xcconfig; name = "Pods-Sample.debug.xcconfig"; path = "Pods/Target Support Files/Pods-Sample/Pods-Sample.debug.xcconfig"; sourceTree = "<group>"; };
		474EBB4069E93969747BBBAF /* Pods-Sample.release.xcconfig */ = {isa = PBXFileReference; includeInIndex = 1; lastKnownFileType = text.xcconfig; name = "Pods-Sample.release.xcconfig"; path = "Pods/Target Support Files/Pods-Sample/Pods-Sample.release.xcconfig"; sourceTree = "<group>"; };
		4F197F6C2846D6FF2E7B22D0 /* libPods-Sample.a */ = {isa = PBXFileReference; explicitFileType = archive.ar; includeInIndex = 0; path = "libPods-Sample.a"; sourceTree = BUILT_PRODUCTS_DIR; };
		6A094858D4EC4AFC57E0D81C /* Pods-SampleUITests.debug.xcconfig */ = {isa = PBXFileReference; includeInIndex = 1; lastKnownFileType = text.xcconfig; name = "Pods-SampleUITests.debug.xcconfig"; path = "Pods/Target Support Files/Pods-SampleUITests/Pods-SampleUITests.debug.xcconfig"; sourceTree = "<group>"; };
		A1429B9C498923FE3DB83220 /* Pods-SampleTests.release.xcconfig */ = {isa = PBXFileReference; includeInIndex = 1; lastKnownFileType = text.xcconfig; name = "Pods-SampleTests.release.xcconfig"; path = "Pods/Target Support Files/Pods-SampleTests/Pods-SampleTests.release.xcconfig"; sourceTree = "<group>"; };
		A861C93E5E7687B5EE85BA72 /* libPods-SampleUITests.a */ = {isa = PBXFileReference; explicitFileType = archive.ar; includeInIndex = 0; path = "libPods-SampleUITests.a"; sourceTree = BUILT_PRODUCTS_DIR; };
		A8EF81C04B24DE5B2DCFDEA8 /* libPods-SampleTests.a */ = {isa = PBXFileReference; explicitFileType = archive.ar; includeInIndex = 0; path = "libPods-SampleTests.a"; sourceTree = BUILT_PRODUCTS_DIR; };
		B3E6156785EADD1DF984C644 /* Pods-SampleTests.debug.xcconfig */ = {isa = PBXFileReference; includeInIndex = 1; lastKnownFileType = text.xcconfig; name = "Pods-SampleTests.debug.xcconfig"; path = "Pods/Target Support Files/Pods-SampleTests/Pods-SampleTests.debug.xcconfig"; sourceTree = "<group>"; };
		E985B9F220007FFD0089166A /* Sample.app */ = {isa = PBXFileReference; explicitFileType = wrapper.application; includeInIndex = 0; path = Sample.app; sourceTree = BUILT_PRODUCTS_DIR; };
		E985B9F520007FFD0089166A /* AppDelegate.h */ = {isa = PBXFileReference; lastKnownFileType = sourcecode.c.h; path = AppDelegate.h; sourceTree = "<group>"; };
		E985B9F620007FFD0089166A /* AppDelegate.m */ = {isa = PBXFileReference; lastKnownFileType = sourcecode.c.objc; path = AppDelegate.m; sourceTree = "<group>"; };
		E985B9F820007FFD0089166A /* ViewController.h */ = {isa = PBXFileReference; lastKnownFileType = sourcecode.c.h; path = ViewController.h; sourceTree = "<group>"; };
		E985B9F920007FFD0089166A /* ViewController.m */ = {isa = PBXFileReference; lastKnownFileType = sourcecode.c.objc; path = ViewController.m; sourceTree = "<group>"; };
		E985B9FC20007FFD0089166A /* Base */ = {isa = PBXFileReference; lastKnownFileType = file.storyboard; name = Base; path = Base.lproj/Main.storyboard; sourceTree = "<group>"; };
		E985B9FE20007FFD0089166A /* Assets.xcassets */ = {isa = PBXFileReference; lastKnownFileType = folder.assetcatalog; path = Assets.xcassets; sourceTree = "<group>"; };
		E985BA0120007FFD0089166A /* Base */ = {isa = PBXFileReference; lastKnownFileType = file.storyboard; name = Base; path = Base.lproj/LaunchScreen.storyboard; sourceTree = "<group>"; };
		E985BA0320007FFD0089166A /* Info.plist */ = {isa = PBXFileReference; lastKnownFileType = text.plist.xml; path = Info.plist; sourceTree = "<group>"; };
		E985BA0420007FFD0089166A /* main.m */ = {isa = PBXFileReference; lastKnownFileType = sourcecode.c.objc; path = main.m; sourceTree = "<group>"; };
		E985BA0A20007FFE0089166A /* SampleTests.xctest */ = {isa = PBXFileReference; explicitFileType = wrapper.cfbundle; includeInIndex = 0; path = SampleTests.xctest; sourceTree = BUILT_PRODUCTS_DIR; };
		E985BA0E20007FFE0089166A /* SampleTests.m */ = {isa = PBXFileReference; lastKnownFileType = sourcecode.c.objc; path = SampleTests.m; sourceTree = "<group>"; };
		E985BA1020007FFE0089166A /* Info.plist */ = {isa = PBXFileReference; lastKnownFileType = text.plist.xml; path = Info.plist; sourceTree = "<group>"; };
		E985BA1520007FFE0089166A /* SampleUITests.xctest */ = {isa = PBXFileReference; explicitFileType = wrapper.cfbundle; includeInIndex = 0; path = SampleUITests.xctest; sourceTree = BUILT_PRODUCTS_DIR; };
		E985BA1920007FFE0089166A /* SampleUITests.m */ = {isa = PBXFileReference; lastKnownFileType = sourcecode.c.objc; path = SampleUITests.m; sourceTree = "<group>"; };
		E985BA1B20007FFE0089166A /* Info.plist */ = {isa = PBXFileReference; lastKnownFileType = text.plist.xml; path = Info.plist; sourceTree = "<group>"; };
		E985BA27200080300089166A /* Webservice.h */ = {isa = PBXFileReference; fileEncoding = 4; lastKnownFileType = sourcecode.c.h; path = Webservice.h; sourceTree = "<group>"; };
		E985BA28200080310089166A /* Webservice.m */ = {isa = PBXFileReference; fileEncoding = 4; lastKnownFileType = sourcecode.c.objc; path = Webservice.m; sourceTree = "<group>"; };
/* End PBXFileReference section */

/* Begin PBXFrameworksBuildPhase section */
		E985B9EF20007FFD0089166A /* Frameworks */ = {
			isa = PBXFrameworksBuildPhase;
			buildActionMask = 2147483647;
			files = (
				A015FACF430CB11A13ED385F /* libPods-Sample.a in Frameworks */,
			);
			runOnlyForDeploymentPostprocessing = 0;
		};
		E985BA0720007FFE0089166A /* Frameworks */ = {
			isa = PBXFrameworksBuildPhase;
			buildActionMask = 2147483647;
			files = (
				BDB3E095A8D44E707C2E7634 /* libPods-SampleTests.a in Frameworks */,
			);
			runOnlyForDeploymentPostprocessing = 0;
		};
		E985BA1220007FFE0089166A /* Frameworks */ = {
			isa = PBXFrameworksBuildPhase;
			buildActionMask = 2147483647;
			files = (
				52CF228130D782BD87D357E8 /* libPods-SampleUITests.a in Frameworks */,
			);
			runOnlyForDeploymentPostprocessing = 0;
		};
/* End PBXFrameworksBuildPhase section */

/* Begin PBXGroup section */
		4B761197CA3CB482BFBBD165 /* Pods */ = {
			isa = PBXGroup;
			children = (
				265A59F4CF80331CB1B181A3 /* Pods-Sample.debug.xcconfig */,
				474EBB4069E93969747BBBAF /* Pods-Sample.release.xcconfig */,
				B3E6156785EADD1DF984C644 /* Pods-SampleTests.debug.xcconfig */,
				A1429B9C498923FE3DB83220 /* Pods-SampleTests.release.xcconfig */,
				6A094858D4EC4AFC57E0D81C /* Pods-SampleUITests.debug.xcconfig */,
				1E4CEB084BF2FFC321337B5F /* Pods-SampleUITests.release.xcconfig */,
			);
			name = Pods;
			sourceTree = "<group>";
		};
		CF5EAEBB5B42195143F87F8B /* Frameworks */ = {
			isa = PBXGroup;
			children = (
				4F197F6C2846D6FF2E7B22D0 /* libPods-Sample.a */,
				A8EF81C04B24DE5B2DCFDEA8 /* libPods-SampleTests.a */,
				A861C93E5E7687B5EE85BA72 /* libPods-SampleUITests.a */,
			);
			name = Frameworks;
			sourceTree = "<group>";
		};
		E985B9E920007FFD0089166A = {
			isa = PBXGroup;
			children = (
				E985B9F420007FFD0089166A /* Sample */,
				E985BA0D20007FFE0089166A /* SampleTests */,
				E985BA1820007FFE0089166A /* SampleUITests */,
				E985B9F320007FFD0089166A /* Products */,
				4B761197CA3CB482BFBBD165 /* Pods */,
				CF5EAEBB5B42195143F87F8B /* Frameworks */,
			);
			sourceTree = "<group>";
		};
		E985B9F320007FFD0089166A /* Products */ = {
			isa = PBXGroup;
			children = (
				E985B9F220007FFD0089166A /* Sample.app */,
				E985BA0A20007FFE0089166A /* SampleTests.xctest */,
				E985BA1520007FFE0089166A /* SampleUITests.xctest */,
			);
			name = Products;
			sourceTree = "<group>";
		};
		E985B9F420007FFD0089166A /* Sample */ = {
			isa = PBXGroup;
			children = (
				E985B9F520007FFD0089166A /* AppDelegate.h */,
				E985B9F620007FFD0089166A /* AppDelegate.m */,
				E985B9F820007FFD0089166A /* ViewController.h */,
				E985B9F920007FFD0089166A /* ViewController.m */,
				E985B9FB20007FFD0089166A /* Main.storyboard */,
				E985B9FE20007FFD0089166A /* Assets.xcassets */,
				E985BA0020007FFD0089166A /* LaunchScreen.storyboard */,
				E985BA0320007FFD0089166A /* Info.plist */,
				E985BA0420007FFD0089166A /* main.m */,
				E985BA27200080300089166A /* Webservice.h */,
				E985BA28200080310089166A /* Webservice.m */,
			);
			path = Sample;
			sourceTree = "<group>";
		};
		E985BA0D20007FFE0089166A /* SampleTests */ = {
			isa = PBXGroup;
			children = (
				E985BA0E20007FFE0089166A /* SampleTests.m */,
				E985BA1020007FFE0089166A /* Info.plist */,
			);
			path = SampleTests;
			sourceTree = "<group>";
		};
		E985BA1820007FFE0089166A /* SampleUITests */ = {
			isa = PBXGroup;
			children = (
				E985BA1920007FFE0089166A /* SampleUITests.m */,
				E985BA1B20007FFE0089166A /* Info.plist */,
			);
			path = SampleUITests;
			sourceTree = "<group>";
		};
/* End PBXGroup section */

/* Begin PBXNativeTarget section */
		E985B9F120007FFD0089166A /* Sample */ = {
			isa = PBXNativeTarget;
			buildConfigurationList = E985BA1E20007FFE0089166A /* Build configuration list for PBXNativeTarget "Sample" */;
			buildPhases = (
				5D69C3419FBA22DBFF16741D /* [CP] Check Pods Manifest.lock */,
				E985B9EE20007FFD0089166A /* Sources */,
				E985B9EF20007FFD0089166A /* Frameworks */,
				E985B9F020007FFD0089166A /* Resources */,
				6E625D24AC261ADB2394E84F /* [CP] Embed Pods Frameworks */,
				ACB2A9D03DBA5BE834A59FAD /* [CP] Copy Pods Resources */,
			);
			buildRules = (
			);
			dependencies = (
			);
			name = Sample;
			productName = Sample;
			productReference = E985B9F220007FFD0089166A /* Sample.app */;
			productType = "com.apple.product-type.application";
		};
		E985BA0920007FFE0089166A /* SampleTests */ = {
			isa = PBXNativeTarget;
			buildConfigurationList = E985BA2120007FFE0089166A /* Build configuration list for PBXNativeTarget "SampleTests" */;
			buildPhases = (
				A8A3CA840045E2C2D670D7BB /* [CP] Check Pods Manifest.lock */,
				E985BA0620007FFE0089166A /* Sources */,
				E985BA0720007FFE0089166A /* Frameworks */,
				E985BA0820007FFE0089166A /* Resources */,
				59AA7C06ADA2E34A7D1BF33C /* [CP] Embed Pods Frameworks */,
				9A86122A78AA33C3B7F10D75 /* [CP] Copy Pods Resources */,
			);
			buildRules = (
			);
			dependencies = (
				E985BA0C20007FFE0089166A /* PBXTargetDependency */,
			);
			name = SampleTests;
			productName = SampleTests;
			productReference = E985BA0A20007FFE0089166A /* SampleTests.xctest */;
			productType = "com.apple.product-type.bundle.unit-test";
		};
		E985BA1420007FFE0089166A /* SampleUITests */ = {
			isa = PBXNativeTarget;
			buildConfigurationList = E985BA2420007FFE0089166A /* Build configuration list for PBXNativeTarget "SampleUITests" */;
			buildPhases = (
				F02A2423E6A705C167D40368 /* [CP] Check Pods Manifest.lock */,
				E985BA1120007FFE0089166A /* Sources */,
				E985BA1220007FFE0089166A /* Frameworks */,
				E985BA1320007FFE0089166A /* Resources */,
				F8CEC6AA9352A5739B38237B /* [CP] Embed Pods Frameworks */,
				99EDD87E6A06EAA41F51BDE5 /* [CP] Copy Pods Resources */,
			);
			buildRules = (
			);
			dependencies = (
				E985BA1720007FFE0089166A /* PBXTargetDependency */,
			);
			name = SampleUITests;
			productName = SampleUITests;
			productReference = E985BA1520007FFE0089166A /* SampleUITests.xctest */;
			productType = "com.apple.product-type.bundle.ui-testing";
		};
/* End PBXNativeTarget section */

/* Begin PBXProject section */
		E985B9EA20007FFD0089166A /* Project object */ = {
			isa = PBXProject;
			attributes = {
				LastUpgradeCheck = 0920;
				ORGANIZATIONNAME = "Rahul R Patel";
				TargetAttributes = {
					E985B9F120007FFD0089166A = {
						CreatedOnToolsVersion = 9.2;
						ProvisioningStyle = Automatic;
					};
					E985BA0920007FFE0089166A = {
						CreatedOnToolsVersion = 9.2;
						ProvisioningStyle = Automatic;
						TestTargetID = E985B9F120007FFD0089166A;
					};
					E985BA1420007FFE0089166A = {
						CreatedOnToolsVersion = 9.2;
						ProvisioningStyle = Automatic;
						TestTargetID = E985B9F120007FFD0089166A;
					};
				};
			};
			buildConfigurationList = E985B9ED20007FFD0089166A /* Build configuration list for PBXProject "Sample" */;
			compatibilityVersion = "Xcode 8.0";
			developmentRegion = en;
			hasScannedForEncodings = 0;
			knownRegions = (
				en,
				Base,
			);
			mainGroup = E985B9E920007FFD0089166A;
			productRefGroup = E985B9F320007FFD0089166A /* Products */;
			projectDirPath = "";
			projectRoot = "";
			targets = (
				E985B9F120007FFD0089166A /* Sample */,
				E985BA0920007FFE0089166A /* SampleTests */,
				E985BA1420007FFE0089166A /* SampleUITests */,
			);
		};
/* End PBXProject section */

/* Begin PBXResourcesBuildPhase section */
		E985B9F020007FFD0089166A /* Resources */ = {
			isa = PBXResourcesBuildPhase;
			buildActionMask = 2147483647;
			files = (
				E985BA0220007FFD0089166A /* LaunchScreen.storyboard in Resources */,
				E985B9FF20007FFD0089166A /* Assets.xcassets in Resources */,
				E985B9FD20007FFD0089166A /* Main.storyboard in Resources */,
			);
			runOnlyForDeploymentPostprocessing = 0;
		};
		E985BA0820007FFE0089166A /* Resources */ = {
			isa = PBXResourcesBuildPhase;
			buildActionMask = 2147483647;
			files = (
			);
			runOnlyForDeploymentPostprocessing = 0;
		};
		E985BA1320007FFE0089166A /* Resources */ = {
			isa = PBXResourcesBuildPhase;
			buildActionMask = 2147483647;
			files = (
			);
			runOnlyForDeploymentPostprocessing = 0;
		};
/* End PBXResourcesBuildPhase section */

/* Begin PBXShellScriptBuildPhase section */
		59AA7C06ADA2E34A7D1BF33C /* [CP] Embed Pods Frameworks */ = {
			isa = PBXShellScriptBuildPhase;
			buildActionMask = 2147483647;
			files = (
			);
			inputPaths = (
			);
			name = "[CP] Embed Pods Frameworks";
			outputPaths = (
			);
			runOnlyForDeploymentPostprocessing = 0;
			shellPath = /bin/sh;
			shellScript = "\"${SRCROOT}/Pods/Target Support Files/Pods-SampleTests/Pods-SampleTests-frameworks.sh\"\n";
			showEnvVarsInLog = 0;
		};
		5D69C3419FBA22DBFF16741D /* [CP] Check Pods Manifest.lock */ = {
			isa = PBXShellScriptBuildPhase;
			buildActionMask = 2147483647;
			files = (
			);
			inputPaths = (
				"${PODS_PODFILE_DIR_PATH}/Podfile.lock",
				"${PODS_ROOT}/Manifest.lock",
			);
			name = "[CP] Check Pods Manifest.lock";
			outputPaths = (
				"$(DERIVED_FILE_DIR)/Pods-Sample-checkManifestLockResult.txt",
			);
			runOnlyForDeploymentPostprocessing = 0;
			shellPath = /bin/sh;
			shellScript = "diff \"${PODS_PODFILE_DIR_PATH}/Podfile.lock\" \"${PODS_ROOT}/Manifest.lock\" > /dev/null\nif [ $? != 0 ] ; then\n    # print error to STDERR\n    echo \"error: The sandbox is not in sync with the Podfile.lock. Run 'pod install' or update your CocoaPods installation.\" >&2\n    exit 1\nfi\n# This output is used by Xcode 'outputs' to avoid re-running this script phase.\necho \"SUCCESS\" > \"${SCRIPT_OUTPUT_FILE_0}\"\n";
			showEnvVarsInLog = 0;
		};
		6E625D24AC261ADB2394E84F /* [CP] Embed Pods Frameworks */ = {
			isa = PBXShellScriptBuildPhase;
			buildActionMask = 2147483647;
			files = (
			);
			inputPaths = (
			);
			name = "[CP] Embed Pods Frameworks";
			outputPaths = (
			);
			runOnlyForDeploymentPostprocessing = 0;
			shellPath = /bin/sh;
			shellScript = "\"${SRCROOT}/Pods/Target Support Files/Pods-Sample/Pods-Sample-frameworks.sh\"\n";
			showEnvVarsInLog = 0;
		};
		99EDD87E6A06EAA41F51BDE5 /* [CP] Copy Pods Resources */ = {
			isa = PBXShellScriptBuildPhase;
			buildActionMask = 2147483647;
			files = (
			);
			inputPaths = (
			);
			name = "[CP] Copy Pods Resources";
			outputPaths = (
			);
			runOnlyForDeploymentPostprocessing = 0;
			shellPath = /bin/sh;
			shellScript = "\"${SRCROOT}/Pods/Target Support Files/Pods-SampleUITests/Pods-SampleUITests-resources.sh\"\n";
			showEnvVarsInLog = 0;
		};
		9A86122A78AA33C3B7F10D75 /* [CP] Copy Pods Resources */ = {
			isa = PBXShellScriptBuildPhase;
			buildActionMask = 2147483647;
			files = (
			);
			inputPaths = (
			);
			name = "[CP] Copy Pods Resources";
			outputPaths = (
			);
			runOnlyForDeploymentPostprocessing = 0;
			shellPath = /bin/sh;
			shellScript = "\"${SRCROOT}/Pods/Target Support Files/Pods-SampleTests/Pods-SampleTests-resources.sh\"\n";
			showEnvVarsInLog = 0;
		};
		A8A3CA840045E2C2D670D7BB /* [CP] Check Pods Manifest.lock */ = {
			isa = PBXShellScriptBuildPhase;
			buildActionMask = 2147483647;
			files = (
			);
			inputPaths = (
				"${PODS_PODFILE_DIR_PATH}/Podfile.lock",
				"${PODS_ROOT}/Manifest.lock",
			);
			name = "[CP] Check Pods Manifest.lock";
			outputPaths = (
				"$(DERIVED_FILE_DIR)/Pods-SampleTests-checkManifestLockResult.txt",
			);
			runOnlyForDeploymentPostprocessing = 0;
			shellPath = /bin/sh;
			shellScript = "diff \"${PODS_PODFILE_DIR_PATH}/Podfile.lock\" \"${PODS_ROOT}/Manifest.lock\" > /dev/null\nif [ $? != 0 ] ; then\n    # print error to STDERR\n    echo \"error: The sandbox is not in sync with the Podfile.lock. Run 'pod install' or update your CocoaPods installation.\" >&2\n    exit 1\nfi\n# This output is used by Xcode 'outputs' to avoid re-running this script phase.\necho \"SUCCESS\" > \"${SCRIPT_OUTPUT_FILE_0}\"\n";
			showEnvVarsInLog = 0;
		};
		ACB2A9D03DBA5BE834A59FAD /* [CP] Copy Pods Resources */ = {
			isa = PBXShellScriptBuildPhase;
			buildActionMask = 2147483647;
			files = (
			);
			inputPaths = (
				"${SRCROOT}/Pods/Target Support Files/Pods-Sample/Pods-Sample-resources.sh",
				"$PODS_CONFIGURATION_BUILD_DIR/ROSwipenger/ROSwipenger.bundle",
			);
			name = "[CP] Copy Pods Resources";
			outputPaths = (
				"${TARGET_BUILD_DIR}/${UNLOCALIZED_RESOURCES_FOLDER_PATH}",
			);
			runOnlyForDeploymentPostprocessing = 0;
			shellPath = /bin/sh;
			shellScript = "\"${SRCROOT}/Pods/Target Support Files/Pods-Sample/Pods-Sample-resources.sh\"\n";
			showEnvVarsInLog = 0;
		};
		F02A2423E6A705C167D40368 /* [CP] Check Pods Manifest.lock */ = {
			isa = PBXShellScriptBuildPhase;
			buildActionMask = 2147483647;
			files = (
			);
			inputPaths = (
				"${PODS_PODFILE_DIR_PATH}/Podfile.lock",
				"${PODS_ROOT}/Manifest.lock",
			);
			name = "[CP] Check Pods Manifest.lock";
			outputPaths = (
				"$(DERIVED_FILE_DIR)/Pods-SampleUITests-checkManifestLockResult.txt",
			);
			runOnlyForDeploymentPostprocessing = 0;
			shellPath = /bin/sh;
			shellScript = "diff \"${PODS_PODFILE_DIR_PATH}/Podfile.lock\" \"${PODS_ROOT}/Manifest.lock\" > /dev/null\nif [ $? != 0 ] ; then\n    # print error to STDERR\n    echo \"error: The sandbox is not in sync with the Podfile.lock. Run 'pod install' or update your CocoaPods installation.\" >&2\n    exit 1\nfi\n# This output is used by Xcode 'outputs' to avoid re-running this script phase.\necho \"SUCCESS\" > \"${SCRIPT_OUTPUT_FILE_0}\"\n";
			showEnvVarsInLog = 0;
		};
		F8CEC6AA9352A5739B38237B /* [CP] Embed Pods Frameworks */ = {
			isa = PBXShellScriptBuildPhase;
			buildActionMask = 2147483647;
			files = (
			);
			inputPaths = (
			);
			name = "[CP] Embed Pods Frameworks";
			outputPaths = (
			);
			runOnlyForDeploymentPostprocessing = 0;
			shellPath = /bin/sh;
			shellScript = "\"${SRCROOT}/Pods/Target Support Files/Pods-SampleUITests/Pods-SampleUITests-frameworks.sh\"\n";
			showEnvVarsInLog = 0;
		};
/* End PBXShellScriptBuildPhase section */

/* Begin PBXSourcesBuildPhase section */
		E985B9EE20007FFD0089166A /* Sources */ = {
			isa = PBXSourcesBuildPhase;
			buildActionMask = 2147483647;
			files = (
				E985B9FA20007FFD0089166A /* ViewController.m in Sources */,
				E985BA0520007FFD0089166A /* main.m in Sources */,
				E985BA29200080310089166A /* Webservice.m in Sources */,
				E985B9F720007FFD0089166A /* AppDelegate.m in Sources */,
			);
			runOnlyForDeploymentPostprocessing = 0;
		};
		E985BA0620007FFE0089166A /* Sources */ = {
			isa = PBXSourcesBuildPhase;
			buildActionMask = 2147483647;
			files = (
				E985BA0F20007FFE0089166A /* SampleTests.m in Sources */,
			);
			runOnlyForDeploymentPostprocessing = 0;
		};
		E985BA1120007FFE0089166A /* Sources */ = {
			isa = PBXSourcesBuildPhase;
			buildActionMask = 2147483647;
			files = (
				E985BA1A20007FFE0089166A /* SampleUITests.m in Sources */,
			);
			runOnlyForDeploymentPostprocessing = 0;
		};
/* End PBXSourcesBuildPhase section */

/* Begin PBXTargetDependency section */
		E985BA0C20007FFE0089166A /* PBXTargetDependency */ = {
			isa = PBXTargetDependency;
			target = E985B9F120007FFD0089166A /* Sample */;
			targetProxy = E985BA0B20007FFE0089166A /* PBXContainerItemProxy */;
		};
		E985BA1720007FFE0089166A /* PBXTargetDependency */ = {
			isa = PBXTargetDependency;
			target = E985B9F120007FFD0089166A /* Sample */;
			targetProxy = E985BA1620007FFE0089166A /* PBXContainerItemProxy */;
		};
/* End PBXTargetDependency section */

/* Begin PBXVariantGroup section */
		E985B9FB20007FFD0089166A /* Main.storyboard */ = {
			isa = PBXVariantGroup;
			children = (
				E985B9FC20007FFD0089166A /* Base */,
			);
			name = Main.storyboard;
			sourceTree = "<group>";
		};
		E985BA0020007FFD0089166A /* LaunchScreen.storyboard */ = {
			isa = PBXVariantGroup;
			children = (
				E985BA0120007FFD0089166A /* Base */,
			);
			name = LaunchScreen.storyboard;
			sourceTree = "<group>";
		};
/* End PBXVariantGroup section */

/* Begin XCBuildConfiguration section */
		E985BA1C20007FFE0089166A /* Debug */ = {
			isa = XCBuildConfiguration;
			buildSettings = {
				ALWAYS_SEARCH_USER_PATHS = NO;
				CLANG_ANALYZER_NONNULL = YES;
				CLANG_ANALYZER_NUMBER_OBJECT_CONVERSION = YES_AGGRESSIVE;
				CLANG_CXX_LANGUAGE_STANDARD = "gnu++14";
				CLANG_CXX_LIBRARY = "libc++";
				CLANG_ENABLE_MODULES = YES;
				CLANG_ENABLE_OBJC_ARC = YES;
				CLANG_WARN_BLOCK_CAPTURE_AUTORELEASING = YES;
				CLANG_WARN_BOOL_CONVERSION = YES;
				CLANG_WARN_COMMA = YES;
				CLANG_WARN_CONSTANT_CONVERSION = YES;
				CLANG_WARN_DIRECT_OBJC_ISA_USAGE = YES_ERROR;
				CLANG_WARN_DOCUMENTATION_COMMENTS = YES;
				CLANG_WARN_EMPTY_BODY = YES;
				CLANG_WARN_ENUM_CONVERSION = YES;
				CLANG_WARN_INFINITE_RECURSION = YES;
				CLANG_WARN_INT_CONVERSION = YES;
				CLANG_WARN_NON_LITERAL_NULL_CONVERSION = YES;
				CLANG_WARN_OBJC_LITERAL_CONVERSION = YES;
				CLANG_WARN_OBJC_ROOT_CLASS = YES_ERROR;
				CLANG_WARN_RANGE_LOOP_ANALYSIS = YES;
				CLANG_WARN_STRICT_PROTOTYPES = YES;
				CLANG_WARN_SUSPICIOUS_MOVE = YES;
				CLANG_WARN_UNGUARDED_AVAILABILITY = YES_AGGRESSIVE;
				CLANG_WARN_UNREACHABLE_CODE = YES;
				CLANG_WARN__DUPLICATE_METHOD_MATCH = YES;
				CODE_SIGN_IDENTITY = "iPhone Developer";
				COPY_PHASE_STRIP = NO;
				DEBUG_INFORMATION_FORMAT = dwarf;
				ENABLE_STRICT_OBJC_MSGSEND = YES;
				ENABLE_TESTABILITY = YES;
				GCC_C_LANGUAGE_STANDARD = gnu11;
				GCC_DYNAMIC_NO_PIC = NO;
				GCC_NO_COMMON_BLOCKS = YES;
				GCC_OPTIMIZATION_LEVEL = 0;
				GCC_PREPROCESSOR_DEFINITIONS = (
					"DEBUG=1",
					"$(inherited)",
				);
				GCC_WARN_64_TO_32_BIT_CONVERSION = YES;
				GCC_WARN_ABOUT_RETURN_TYPE = YES_ERROR;
				GCC_WARN_UNDECLARED_SELECTOR = YES;
				GCC_WARN_UNINITIALIZED_AUTOS = YES_AGGRESSIVE;
				GCC_WARN_UNUSED_FUNCTION = YES;
				GCC_WARN_UNUSED_VARIABLE = YES;
				IPHONEOS_DEPLOYMENT_TARGET = 11.2;
				MTL_ENABLE_DEBUG_INFO = YES;
				ONLY_ACTIVE_ARCH = YES;
				SDKROOT = iphoneos;
			};
			name = Debug;
		};
		E985BA1D20007FFE0089166A /* Release */ = {
			isa = XCBuildConfiguration;
			buildSettings = {
				ALWAYS_SEARCH_USER_PATHS = NO;
				CLANG_ANALYZER_NONNULL = YES;
				CLANG_ANALYZER_NUMBER_OBJECT_CONVERSION = YES_AGGRESSIVE;
				CLANG_CXX_LANGUAGE_STANDARD = "gnu++14";
				CLANG_CXX_LIBRARY = "libc++";
				CLANG_ENABLE_MODULES = YES;
				CLANG_ENABLE_OBJC_ARC = YES;
				CLANG_WARN_BLOCK_CAPTURE_AUTORELEASING = YES;
				CLANG_WARN_BOOL_CONVERSION = YES;
				CLANG_WARN_COMMA = YES;
				CLANG_WARN_CONSTANT_CONVERSION = YES;
				CLANG_WARN_DIRECT_OBJC_ISA_USAGE = YES_ERROR;
				CLANG_WARN_DOCUMENTATION_COMMENTS = YES;
				CLANG_WARN_EMPTY_BODY = YES;
				CLANG_WARN_ENUM_CONVERSION = YES;
				CLANG_WARN_INFINITE_RECURSION = YES;
				CLANG_WARN_INT_CONVERSION = YES;
				CLANG_WARN_NON_LITERAL_NULL_CONVERSION = YES;
				CLANG_WARN_OBJC_LITERAL_CONVERSION = YES;
				CLANG_WARN_OBJC_ROOT_CLASS = YES_ERROR;
				CLANG_WARN_RANGE_LOOP_ANALYSIS = YES;
				CLANG_WARN_STRICT_PROTOTYPES = YES;
				CLANG_WARN_SUSPICIOUS_MOVE = YES;
				CLANG_WARN_UNGUARDED_AVAILABILITY = YES_AGGRESSIVE;
				CLANG_WARN_UNREACHABLE_CODE = YES;
				CLANG_WARN__DUPLICATE_METHOD_MATCH = YES;
				CODE_SIGN_IDENTITY = "iPhone Developer";
				COPY_PHASE_STRIP = NO;
				DEBUG_INFORMATION_FORMAT = "dwarf-with-dsym";
				ENABLE_NS_ASSERTIONS = NO;
				ENABLE_STRICT_OBJC_MSGSEND = YES;
				GCC_C_LANGUAGE_STANDARD = gnu11;
				GCC_NO_COMMON_BLOCKS = YES;
				GCC_WARN_64_TO_32_BIT_CONVERSION = YES;
				GCC_WARN_ABOUT_RETURN_TYPE = YES_ERROR;
				GCC_WARN_UNDECLARED_SELECTOR = YES;
				GCC_WARN_UNINITIALIZED_AUTOS = YES_AGGRESSIVE;
				GCC_WARN_UNUSED_FUNCTION = YES;
				GCC_WARN_UNUSED_VARIABLE = YES;
				IPHONEOS_DEPLOYMENT_TARGET = 11.2;
				MTL_ENABLE_DEBUG_INFO = NO;
				SDKROOT = iphoneos;
				VALIDATE_PRODUCT = YES;
			};
			name = Release;
		};
		E985BA1F20007FFE0089166A /* Debug */ = {
			isa = XCBuildConfiguration;
			baseConfigurationReference = 265A59F4CF80331CB1B181A3 /* Pods-Sample.debug.xcconfig */;
			buildSettings = {
				ASSETCATALOG_COMPILER_APPICON_NAME = AppIcon;
				CODE_SIGN_STYLE = Automatic;
				INFOPLIST_FILE = Sample/Info.plist;
				LD_RUNPATH_SEARCH_PATHS = "$(inherited) @executable_path/Frameworks";
				PRODUCT_BUNDLE_IDENTIFIER = "Rahul-R-Patel.Sample";
				PRODUCT_NAME = "$(TARGET_NAME)";
				TARGETED_DEVICE_FAMILY = "1,2";
			};
			name = Debug;
		};
		E985BA2020007FFE0089166A /* Release */ = {
			isa = XCBuildConfiguration;
			baseConfigurationReference = 474EBB4069E93969747BBBAF /* Pods-Sample.release.xcconfig */;
			buildSettings = {
				ASSETCATALOG_COMPILER_APPICON_NAME = AppIcon;
				CODE_SIGN_STYLE = Automatic;
				INFOPLIST_FILE = Sample/Info.plist;
				LD_RUNPATH_SEARCH_PATHS = "$(inherited) @executable_path/Frameworks";
				PRODUCT_BUNDLE_IDENTIFIER = "Rahul-R-Patel.Sample";
				PRODUCT_NAME = "$(TARGET_NAME)";
				TARGETED_DEVICE_FAMILY = "1,2";
			};
			name = Release;
		};
		E985BA2220007FFE0089166A /* Debug */ = {
			isa = XCBuildConfiguration;
			baseConfigurationReference = B3E6156785EADD1DF984C644 /* Pods-SampleTests.debug.xcconfig */;
			buildSettings = {
				BUNDLE_LOADER = "$(TEST_HOST)";
				CODE_SIGN_STYLE = Automatic;
				INFOPLIST_FILE = SampleTests/Info.plist;
				LD_RUNPATH_SEARCH_PATHS = "$(inherited) @executable_path/Frameworks @loader_path/Frameworks";
				PRODUCT_BUNDLE_IDENTIFIER = "Rahul-R-Patel.SampleTests";
				PRODUCT_NAME = "$(TARGET_NAME)";
				TARGETED_DEVICE_FAMILY = "1,2";
				TEST_HOST = "$(BUILT_PRODUCTS_DIR)/Sample.app/Sample";
			};
			name = Debug;
		};
		E985BA2320007FFE0089166A /* Release */ = {
			isa = XCBuildConfiguration;
			baseConfigurationReference = A1429B9C498923FE3DB83220 /* Pods-SampleTests.release.xcconfig */;
			buildSettings = {
				BUNDLE_LOADER = "$(TEST_HOST)";
				CODE_SIGN_STYLE = Automatic;
				INFOPLIST_FILE = SampleTests/Info.plist;
				LD_RUNPATH_SEARCH_PATHS = "$(inherited) @executable_path/Frameworks @loader_path/Frameworks";
				PRODUCT_BUNDLE_IDENTIFIER = "Rahul-R-Patel.SampleTests";
				PRODUCT_NAME = "$(TARGET_NAME)";
				TARGETED_DEVICE_FAMILY = "1,2";
				TEST_HOST = "$(BUILT_PRODUCTS_DIR)/Sample.app/Sample";
			};
			name = Release;
		};
		E985BA2520007FFE0089166A /* Debug */ = {
			isa = XCBuildConfiguration;
			baseConfigurationReference = 6A094858D4EC4AFC57E0D81C /* Pods-SampleUITests.debug.xcconfig */;
			buildSettings = {
				CODE_SIGN_STYLE = Automatic;
				INFOPLIST_FILE = SampleUITests/Info.plist;
				LD_RUNPATH_SEARCH_PATHS = "$(inherited) @executable_path/Frameworks @loader_path/Frameworks";
				PRODUCT_BUNDLE_IDENTIFIER = "Rahul-R-Patel.SampleUITests";
				PRODUCT_NAME = "$(TARGET_NAME)";
				TARGETED_DEVICE_FAMILY = "1,2";
				TEST_TARGET_NAME = Sample;
			};
			name = Debug;
		};
		E985BA2620007FFE0089166A /* Release */ = {
			isa = XCBuildConfiguration;
			baseConfigurationReference = 1E4CEB084BF2FFC321337B5F /* Pods-SampleUITests.release.xcconfig */;
			buildSettings = {
				CODE_SIGN_STYLE = Automatic;
				INFOPLIST_FILE = SampleUITests/Info.plist;
				LD_RUNPATH_SEARCH_PATHS = "$(inherited) @executable_path/Frameworks @loader_path/Frameworks";
				PRODUCT_BUNDLE_IDENTIFIER = "Rahul-R-Patel.SampleUITests";
				PRODUCT_NAME = "$(TARGET_NAME)";
				TARGETED_DEVICE_FAMILY = "1,2";
				TEST_TARGET_NAME = Sample;
			};
			name = Release;
		};
/* End XCBuildConfiguration section */

/* Begin XCConfigurationList section */
		E985B9ED20007FFD0089166A /* Build configuration list for PBXProject "Sample" */ = {
			isa = XCConfigurationList;
			buildConfigurations = (
				E985BA1C20007FFE0089166A /* Debug */,
				E985BA1D20007FFE0089166A /* Release */,
			);
			defaultConfigurationIsVisible = 0;
			defaultConfigurationName = Release;
		};
		E985BA1E20007FFE0089166A /* Build configuration list for PBXNativeTarget "Sample" */ = {
			isa = XCConfigurationList;
			buildConfigurations = (
				E985BA1F20007FFE0089166A /* Debug */,
				E985BA2020007FFE0089166A /* Release */,
			);
			defaultConfigurationIsVisible = 0;
			defaultConfigurationName = Release;
		};
		E985BA2120007FFE0089166A /* Build configuration list for PBXNativeTarget "SampleTests" */ = {
			isa = XCConfigurationList;
			buildConfigurations = (
				E985BA2220007FFE0089166A /* Debug */,
				E985BA2320007FFE0089166A /* Release */,
			);
			defaultConfigurationIsVisible = 0;
			defaultConfigurationName = Release;
		};
		E985BA2420007FFE0089166A /* Build configuration list for PBXNativeTarget "SampleUITests" */ = {
			isa = XCConfigurationList;
			buildConfigurations = (
				E985BA2520007FFE0089166A /* Debug */,
				E985BA2620007FFE0089166A /* Release */,
			);
			defaultConfigurationIsVisible = 0;
			defaultConfigurationName = Release;
		};
/* End XCConfigurationList section */
	};
	rootObject = E985B9EA20007FFD0089166A /* Project object */;
}
